
Microsoft Visual Studio Solution File, Format Version 12.00
# Visual Studio Version 16
VisualStudioVersion = 16.0.31911.196
MinimumVisualStudioVersion = 10.0.40219.1
Project("{9A19103F-16F7-4668-BE54-9A1E7A4F7556}") = "OpenSilverItems", "OpenSilverItems\OpenSilverItems\OpenSilverItems.csproj", "{53D64B85-495C-4893-9863-662D1F30A996}"
EndProject
Project("{9A19103F-16F7-4668-BE54-9A1E7A4F7556}") = "OpenSilverItems.Browser", "OpenSilverItems\OpenSilverItems.Browser\OpenSilverItems.Browser.csproj", "{4CE03EC5-FCBE-4BC9-8D61-C758DAE3D43E}"
EndProject
Project("{9A19103F-16F7-4668-BE54-9A1E7A4F7556}") = "OpenSilverItems.Simulator", "OpenSilverItems\OpenSilverItems.Simulator\OpenSilverItems.Simulator.csproj", "{C5EFDDF7-906B-4B89-BE22-2E7BE78EB1CF}"
EndProject
Global
	GlobalSection(SolutionConfigurationPlatforms) = preSolution
		Debug|Any CPU = Debug|Any CPU
		Release|Any CPU = Release|Any CPU
	EndGlobalSection
	GlobalSection(ProjectConfigurationPlatforms) = postSolution
		{53D64B85-495C-4893-9863-662D1F30A996}.Debug|Any CPU.ActiveCfg = Debug|Any CPU
		{53D64B85-495C-4893-9863-662D1F30A996}.Debug|Any CPU.Build.0 = Debug|Any CPU
		{53D64B85-495C-4893-9863-662D1F30A996}.Release|Any CPU.ActiveCfg = Release|Any CPU
		{53D64B85-495C-4893-9863-662D1F30A996}.Release|Any CPU.Build.0 = Release|Any CPU
		{4CE03EC5-FCBE-4BC9-8D61-C758DAE3D43E}.Debug|Any CPU.ActiveCfg = Debug|Any CPU
		{4CE03EC5-FCBE-4BC9-8D61-C758DAE3D43E}.Debug|Any CPU.Build.0 = Debug|Any CPU
		{4CE03EC5-FCBE-4BC9-8D61-C758DAE3D43E}.Release|Any CPU.ActiveCfg = Release|Any CPU
		{4CE03EC5-FCBE-4BC9-8D61-C758DAE3D43E}.Release|Any CPU.Build.0 = Release|Any CPU
		{C5EFDDF7-906B-4B89-BE22-2E7BE78EB1CF}.Debug|Any CPU.ActiveCfg = Debug|Any CPU
		{C5EFDDF7-906B-4B89-BE22-2E7BE78EB1CF}.Debug|Any CPU.Build.0 = Debug|Any CPU
		{C5EFDDF7-906B-4B89-BE22-2E7BE78EB1CF}.Release|Any CPU.ActiveCfg = Release|Any CPU
		{C5EFDDF7-906B-4B89-BE22-2E7BE78EB1CF}.Release|Any CPU.Build.0 = Release|Any CPU
	EndGlobalSection
	GlobalSection(SolutionProperties) = preSolution
		HideSolutionNode = FALSE
	EndGlobalSection
	GlobalSection(ExtensibilityGlobals) = postSolution
		SolutionGuid = {DDFC7B33-44A1-4F89-A5A7-F9FED9A53B68}
	EndGlobalSection
EndGlobal
